
Microsoft Visual Studio Solution File, Format Version 12.00
# Visual Studio Version 16
VisualStudioVersion = 16.0.31105.61
MinimumVisualStudioVersion = 10.0.40219.1
Project("{FAE04EC0-301F-11D3-BF4B-00C04F79EFBC}") = "codefirstapproach", "codefirstapproach\codefirstapproach.csproj", "{C2B35140-2CBD-4608-AB1D-B7D55B82E499}"
EndProject
Global
	GlobalSection(SolutionConfigurationPlatforms) = preSolution
		Debug|Any CPU = Debug|Any CPU
		Release|Any CPU = Release|Any CPU
	EndGlobalSection
	GlobalSection(ProjectConfigurationPlatforms) = postSolution
		{C2B35140-2CBD-4608-AB1D-B7D55B82E499}.Debug|Any CPU.ActiveCfg = Debug|Any CPU
		{C2B35140-2CBD-4608-AB1D-B7D55B82E499}.Debug|Any CPU.Build.0 = Debug|Any CPU
		{C2B35140-2CBD-4608-AB1D-B7D55B82E499}.Release|Any CPU.ActiveCfg = Release|Any CPU
		{C2B35140-2CBD-4608-AB1D-B7D55B82E499}.Release|Any CPU.Build.0 = Release|Any CPU
	EndGlobalSection
	GlobalSection(SolutionProperties) = preSolution
		HideSolutionNode = FALSE
	EndGlobalSection
	GlobalSection(ExtensibilityGlobals) = postSolution
		SolutionGuid = {2BE297E7-A030-4A33-97CB-66BFBEF99927}
	EndGlobalSection
EndGlobal
