
Microsoft Visual Studio Solution File, Format Version 12.00
# Visual Studio Version 16
VisualStudioVersion = 16.0.31112.23
MinimumVisualStudioVersion = 10.0.40219.1
Project("{FAE04EC0-301F-11D3-BF4B-00C04F79EFBC}") = "deligatesdemo", "deligatesdemo\deligatesdemo.csproj", "{28C7145E-CA89-42C5-9E92-BDA49C28B57A}"
EndProject
Global
	GlobalSection(SolutionConfigurationPlatforms) = preSolution
		Debug|Any CPU = Debug|Any CPU
		Release|Any CPU = Release|Any CPU
	EndGlobalSection
	GlobalSection(ProjectConfigurationPlatforms) = postSolution
		{28C7145E-CA89-42C5-9E92-BDA49C28B57A}.Debug|Any CPU.ActiveCfg = Debug|Any CPU
		{28C7145E-CA89-42C5-9E92-BDA49C28B57A}.Debug|Any CPU.Build.0 = Debug|Any CPU
		{28C7145E-CA89-42C5-9E92-BDA49C28B57A}.Release|Any CPU.ActiveCfg = Release|Any CPU
		{28C7145E-CA89-42C5-9E92-BDA49C28B57A}.Release|Any CPU.Build.0 = Release|Any CPU
	EndGlobalSection
	GlobalSection(SolutionProperties) = preSolution
		HideSolutionNode = FALSE
	EndGlobalSection
	GlobalSection(ExtensibilityGlobals) = postSolution
		SolutionGuid = {C8127744-7DF2-44E5-B679-22B698B992B5}
	EndGlobalSection
EndGlobal
